github.com/aaronland/go-roster v0.0.2 h1:2Fu7v4VQLRLRL/Zgr6R9S5JxsW75Ab/K88QtMVX532s=
github.com/aaronland/go-roster v0.0.2/go.mod h1:AcovpxlG1XxJxX2Fjqlm63fEIBhCjEIBV4lP87FZDmI=
github.com/aaronland/go-string v0.1.2 h1:RSr/mQNbLgF37H0RV+nF7j2kILRRFkCmr8Jwq4lw92k=
github.com/aaronland/go-string v0.1.2/go.mod h1:2aMIWdTqk63jZsaLLy+p9dsB1MDRqx4sHYoLtkwyYUo=
golang.org/x/exp v0.0.0-20220328175248-053ad81199eb h1:pC9Okm6BVmxEw76PUu0XUbOTQ92JX11hfvqTjAV3qxM=
golang.org/x/exp v0.0.0-20220328175248-053ad81199eb/go.mod h1:lgLbSvA5ygNOMpwM/9anMpWVlVJ7Z+cHWq/eFuinpGE=
